// !$*UTF8*$!
{
	archiveVersion = 1;
	classes = {
	};
	objectVersion = 70;
	objects = {

/* Begin PBXBuildFile section */
		1F52226E2CB40B3500305569 /* OnboardingVC.swift in Sources */ = {isa = PBXBuildFile; fileRef = 1F52226D2CB40B2800305569 /* OnboardingVC.swift */; };
		1F9FB35E2CA2F1A2001ACF03 /* TrackerModel.xcdatamodeld in Sources */ = {isa = PBXBuildFile; fileRef = 1F9FB35C2CA2F1A2001ACF03 /* TrackerModel.xcdatamodeld */; };
		1F9FB3602CA49D72001ACF03 /* Colors.swift in Sources */ = {isa = PBXBuildFile; fileRef = 1F9FB35F2CA49D72001ACF03 /* Colors.swift */; };
		1F9FB3622CA558F7001ACF03 /* PaddedTextField.swift in Sources */ = {isa = PBXBuildFile; fileRef = 1F9FB3612CA558F7001ACF03 /* PaddedTextField.swift */; };
		1F9FB3642CA55930001ACF03 /* CustomTableViewCell.swift in Sources */ = {isa = PBXBuildFile; fileRef = 1F9FB3632CA55930001ACF03 /* CustomTableViewCell.swift */; };
		1F9FB3662CA5596F001ACF03 /* ScheduleTableViewCell.swift in Sources */ = {isa = PBXBuildFile; fileRef = 1F9FB3652CA5596F001ACF03 /* ScheduleTableViewCell.swift */; };
		1F9FB3682CA55A63001ACF03 /* WeekDay.swift in Sources */ = {isa = PBXBuildFile; fileRef = 1F9FB3672CA55A63001ACF03 /* WeekDay.swift */; };
		1F9FB36B2CA6CF86001ACF03 /* TrackerStore.swift in Sources */ = {isa = PBXBuildFile; fileRef = 1F9FB36A2CA6CF86001ACF03 /* TrackerStore.swift */; };
		1F9FB36D2CA6CF92001ACF03 /* TrackerCategoryStore.swift in Sources */ = {isa = PBXBuildFile; fileRef = 1F9FB36C2CA6CF92001ACF03 /* TrackerCategoryStore.swift */; };
		1F9FB36F2CA6CFA1001ACF03 /* TrackerRecordStore.swift in Sources */ = {isa = PBXBuildFile; fileRef = 1F9FB36E2CA6CFA1001ACF03 /* TrackerRecordStore.swift */; };
		1FA5E0072C9046C4007A729D /* NewTrackerVC.swift in Sources */ = {isa = PBXBuildFile; fileRef = 1FA5E0062C9046C4007A729D /* NewTrackerVC.swift */; };
		1FA5E0092C90A45E007A729D /* ColorCollectionViewCell.swift in Sources */ = {isa = PBXBuildFile; fileRef = 1FA5E0082C90A45E007A729D /* ColorCollectionViewCell.swift */; };
		1FA5E00B2C90A485007A729D /* EmojiCollectionViewCell.swift in Sources */ = {isa = PBXBuildFile; fileRef = 1FA5E00A2C90A485007A729D /* EmojiCollectionViewCell.swift */; };
		1FA5E00D2C90D0BF007A729D /* ColorVC.swift in Sources */ = {isa = PBXBuildFile; fileRef = 1FA5E00C2C90D0BF007A729D /* ColorVC.swift */; };
		1FA5E00F2C90D165007A729D /* NewUsualTrackerVC.swift in Sources */ = {isa = PBXBuildFile; fileRef = 1FA5E00E2C90D165007A729D /* NewUsualTrackerVC.swift */; };
		1FA5E0112C90D414007A729D /* EmojiVC.swift in Sources */ = {isa = PBXBuildFile; fileRef = 1FA5E0102C90D414007A729D /* EmojiVC.swift */; };
		1FA5E0132C90D631007A729D /* SectionHeaderView.swift in Sources */ = {isa = PBXBuildFile; fileRef = 1FA5E0122C90D631007A729D /* SectionHeaderView.swift */; };
		1FB3F3D82CBFC1C0001981AF /* Strings.swift in Sources */ = {isa = PBXBuildFile; fileRef = 1FB3F3D72CBFC1C0001981AF /* Strings.swift */; };
		1FB3F3EB2CC11523001981AF /* InlineSnapshotTesting in Frameworks */ = {isa = PBXBuildFile; productRef = 1FB3F3EA2CC11523001981AF /* InlineSnapshotTesting */; };
		1FB3F3ED2CC11523001981AF /* SnapshotTesting in Frameworks */ = {isa = PBXBuildFile; productRef = 1FB3F3EC2CC11523001981AF /* SnapshotTesting */; };
		1FB3F40B2CC423E5001981AF /* EditIrregularTracker.swift in Sources */ = {isa = PBXBuildFile; fileRef = 1FB3F40A2CC423C7001981AF /* EditIrregularTracker.swift */; };
		1FB3F40D2CC650CC001981AF /* TrackerCreationVC.swift in Sources */ = {isa = PBXBuildFile; fileRef = 1FB3F40C2CC650C2001981AF /* TrackerCreationVC.swift */; };
		1FB3F40F2CC67CBF001981AF /* EditTrackerVC.swift in Sources */ = {isa = PBXBuildFile; fileRef = 1FB3F40E2CC67CAC001981AF /* EditTrackerVC.swift */; };
		1FB3F4112CC8E81E001981AF /* FiltersViewController.swift in Sources */ = {isa = PBXBuildFile; fileRef = 1FB3F4102CC8E816001981AF /* FiltersViewController.swift */; };
		1FC47BB42C94300200DFABE4 /* CategoryListVC.swift in Sources */ = {isa = PBXBuildFile; fileRef = 1FC47BB32C94300200DFABE4 /* CategoryListVC.swift */; };
		1FC47BB62C943D0500DFABE4 /* NewCategoryVC.swift in Sources */ = {isa = PBXBuildFile; fileRef = 1FC47BB52C943D0500DFABE4 /* NewCategoryVC.swift */; };
		1FC47BB92C943DE200DFABE4 /* Extensions.swift in Sources */ = {isa = PBXBuildFile; fileRef = 1FC47BB82C943DE200DFABE4 /* Extensions.swift */; };
		1FC47BBB2C95A1A300DFABE4 /* ScheduleListVC.swift in Sources */ = {isa = PBXBuildFile; fileRef = 1FC47BBA2C95A1A300DFABE4 /* ScheduleListVC.swift */; };
		1FC47BBD2C9C925400DFABE4 /* TabBarController.swift in Sources */ = {isa = PBXBuildFile; fileRef = 1FC47BBC2C9C925300DFABE4 /* TabBarController.swift */; };
		1FC47BBF2C9C92A100DFABE4 /* StatisticsViewController.swift in Sources */ = {isa = PBXBuildFile; fileRef = 1FC47BBE2C9C92A100DFABE4 /* StatisticsViewController.swift */; };
		1FC47BC12CA01E0000DFABE4 /* NewIrregularTrackerVC.swift in Sources */ = {isa = PBXBuildFile; fileRef = 1FC47BC02CA01E0000DFABE4 /* NewIrregularTrackerVC.swift */; };
		1FC47BC92CA1A1D000DFABE4 /* TrackerHeaderVC.swift in Sources */ = {isa = PBXBuildFile; fileRef = 1FC47BC82CA1A1D000DFABE4 /* TrackerHeaderVC.swift */; };
		1FC47BCB2CA1A22400DFABE4 /* TrackerCellVC.swift in Sources */ = {isa = PBXBuildFile; fileRef = 1FC47BCA2CA1A22400DFABE4 /* TrackerCellVC.swift */; };
		1FC63F2A2C8EFBCB00A15E07 /* TrackerModels.swift in Sources */ = {isa = PBXBuildFile; fileRef = 1FC63F292C8EFBCB00A15E07 /* TrackerModels.swift */; };
		1FE4A5172C89B150005B7A7D /* AppDelegate.swift in Sources */ = {isa = PBXBuildFile; fileRef = 1FE4A5162C89B150005B7A7D /* AppDelegate.swift */; };
		1FE4A5192C89B150005B7A7D /* SceneDelegate.swift in Sources */ = {isa = PBXBuildFile; fileRef = 1FE4A5182C89B150005B7A7D /* SceneDelegate.swift */; };
		1FE4A51B2C89B150005B7A7D /* TrackersViewController.swift in Sources */ = {isa = PBXBuildFile; fileRef = 1FE4A51A2C89B150005B7A7D /* TrackersViewController.swift */; };
		1FE4A5202C89B153005B7A7D /* Assets.xcassets in Resources */ = {isa = PBXBuildFile; fileRef = 1FE4A51F2C89B153005B7A7D /* Assets.xcassets */; };
		1FE8EB272CB919DF004E281F /* CategoryListViewModel.swift in Sources */ = {isa = PBXBuildFile; fileRef = 1FE8EB262CB919D7004E281F /* CategoryListViewModel.swift */; };
		1FE8EB2D2CBD16BA004E281F /* OnboardingPageViewController.swift in Sources */ = {isa = PBXBuildFile; fileRef = 1FE8EB2C2CBD16AF004E281F /* OnboardingPageViewController.swift */; };
		1FE8EB342CBD1A54004E281F /* Localizable.strings in Resources */ = {isa = PBXBuildFile; fileRef = 1FE8EB322CBD1A54004E281F /* Localizable.strings */; };
		1FE8EB392CBD2858004E281F /* Localizable.stringsdict in Resources */ = {isa = PBXBuildFile; fileRef = 1FE8EB372CBD2858004E281F /* Localizable.stringsdict */; };
		1FE8EB4B2CBE757B004E281F /* LaunchScreen.storyboard in Resources */ = {isa = PBXBuildFile; fileRef = 1FE8EB4A2CBE73B5004E281F /* LaunchScreen.storyboard */; };
		1FE8EB5D2CBE85B5004E281F /* InfoPlist.strings in Resources */ = {isa = PBXBuildFile; fileRef = 1FE8EB5C2CBE85B5004E281F /* InfoPlist.strings */; };
/* End PBXBuildFile section */

/* Begin PBXContainerItemProxy section */
		1FB3F3E42CC1141C001981AF /* PBXContainerItemProxy */ = {
			isa = PBXContainerItemProxy;
			containerPortal = 1FE4A50B2C89B150005B7A7D /* Project object */;
			proxyType = 1;
			remoteGlobalIDString = 1FE4A5122C89B150005B7A7D;
			remoteInfo = Tracker;
		};
/* End PBXContainerItemProxy section */

/* Begin PBXFileReference section */
		1F52226D2CB40B2800305569 /* OnboardingVC.swift */ = {isa = PBXFileReference; lastKnownFileType = sourcecode.swift; path = OnboardingVC.swift; sourceTree = "<group>"; };
		1F9FB35D2CA2F1A2001ACF03 /* TrackerModel.xcdatamodel */ = {isa = PBXFileReference; lastKnownFileType = wrapper.xcdatamodel; path = TrackerModel.xcdatamodel; sourceTree = "<group>"; };
		1F9FB35F2CA49D72001ACF03 /* Colors.swift */ = {isa = PBXFileReference; lastKnownFileType = sourcecode.swift; path = Colors.swift; sourceTree = "<group>"; };
		1F9FB3612CA558F7001ACF03 /* PaddedTextField.swift */ = {isa = PBXFileReference; lastKnownFileType = sourcecode.swift; path = PaddedTextField.swift; sourceTree = "<group>"; };
		1F9FB3632CA55930001ACF03 /* CustomTableViewCell.swift */ = {isa = PBXFileReference; lastKnownFileType = sourcecode.swift; path = CustomTableViewCell.swift; sourceTree = "<group>"; };
		1F9FB3652CA5596F001ACF03 /* ScheduleTableViewCell.swift */ = {isa = PBXFileReference; lastKnownFileType = sourcecode.swift; path = ScheduleTableViewCell.swift; sourceTree = "<group>"; };
		1F9FB3672CA55A63001ACF03 /* WeekDay.swift */ = {isa = PBXFileReference; lastKnownFileType = sourcecode.swift; path = WeekDay.swift; sourceTree = "<group>"; };
		1F9FB36A2CA6CF86001ACF03 /* TrackerStore.swift */ = {isa = PBXFileReference; lastKnownFileType = sourcecode.swift; path = TrackerStore.swift; sourceTree = "<group>"; };
		1F9FB36C2CA6CF92001ACF03 /* TrackerCategoryStore.swift */ = {isa = PBXFileReference; lastKnownFileType = sourcecode.swift; path = TrackerCategoryStore.swift; sourceTree = "<group>"; };
		1F9FB36E2CA6CFA1001ACF03 /* TrackerRecordStore.swift */ = {isa = PBXFileReference; lastKnownFileType = sourcecode.swift; path = TrackerRecordStore.swift; sourceTree = "<group>"; };
		1FA5E0062C9046C4007A729D /* NewTrackerVC.swift */ = {isa = PBXFileReference; lastKnownFileType = sourcecode.swift; path = NewTrackerVC.swift; sourceTree = "<group>"; };
		1FA5E0082C90A45E007A729D /* ColorCollectionViewCell.swift */ = {isa = PBXFileReference; lastKnownFileType = sourcecode.swift; path = ColorCollectionViewCell.swift; sourceTree = "<group>"; };
		1FA5E00A2C90A485007A729D /* EmojiCollectionViewCell.swift */ = {isa = PBXFileReference; lastKnownFileType = sourcecode.swift; path = EmojiCollectionViewCell.swift; sourceTree = "<group>"; };
		1FA5E00C2C90D0BF007A729D /* ColorVC.swift */ = {isa = PBXFileReference; lastKnownFileType = sourcecode.swift; path = ColorVC.swift; sourceTree = "<group>"; };
		1FA5E00E2C90D165007A729D /* NewUsualTrackerVC.swift */ = {isa = PBXFileReference; lastKnownFileType = sourcecode.swift; path = NewUsualTrackerVC.swift; sourceTree = "<group>"; };
		1FA5E0102C90D414007A729D /* EmojiVC.swift */ = {isa = PBXFileReference; lastKnownFileType = sourcecode.swift; path = EmojiVC.swift; sourceTree = "<group>"; };
		1FA5E0122C90D631007A729D /* SectionHeaderView.swift */ = {isa = PBXFileReference; lastKnownFileType = sourcecode.swift; path = SectionHeaderView.swift; sourceTree = "<group>"; };
		1FB3F3D72CBFC1C0001981AF /* Strings.swift */ = {isa = PBXFileReference; lastKnownFileType = sourcecode.swift; path = Strings.swift; sourceTree = "<group>"; };
		1FB3F3E02CC1141C001981AF /* TrackerTests.xctest */ = {isa = PBXFileReference; explicitFileType = wrapper.cfbundle; includeInIndex = 0; path = TrackerTests.xctest; sourceTree = BUILT_PRODUCTS_DIR; };
		1FB3F40A2CC423C7001981AF /* EditIrregularTracker.swift */ = {isa = PBXFileReference; lastKnownFileType = sourcecode.swift; path = EditIrregularTracker.swift; sourceTree = "<group>"; };
		1FB3F40C2CC650C2001981AF /* TrackerCreationVC.swift */ = {isa = PBXFileReference; lastKnownFileType = sourcecode.swift; path = TrackerCreationVC.swift; sourceTree = "<group>"; };
		1FB3F40E2CC67CAC001981AF /* EditTrackerVC.swift */ = {isa = PBXFileReference; lastKnownFileType = sourcecode.swift; path = EditTrackerVC.swift; sourceTree = "<group>"; };
		1FB3F4102CC8E816001981AF /* FiltersViewController.swift */ = {isa = PBXFileReference; lastKnownFileType = sourcecode.swift; path = FiltersViewController.swift; sourceTree = "<group>"; };
		1FC47BB32C94300200DFABE4 /* CategoryListVC.swift */ = {isa = PBXFileReference; lastKnownFileType = sourcecode.swift; path = CategoryListVC.swift; sourceTree = "<group>"; };
		1FC47BB52C943D0500DFABE4 /* NewCategoryVC.swift */ = {isa = PBXFileReference; lastKnownFileType = sourcecode.swift; path = NewCategoryVC.swift; sourceTree = "<group>"; };
		1FC47BB82C943DE200DFABE4 /* Extensions.swift */ = {isa = PBXFileReference; lastKnownFileType = sourcecode.swift; path = Extensions.swift; sourceTree = "<group>"; };
		1FC47BBA2C95A1A300DFABE4 /* ScheduleListVC.swift */ = {isa = PBXFileReference; lastKnownFileType = sourcecode.swift; path = ScheduleListVC.swift; sourceTree = "<group>"; };
		1FC47BBC2C9C925300DFABE4 /* TabBarController.swift */ = {isa = PBXFileReference; lastKnownFileType = sourcecode.swift; path = TabBarController.swift; sourceTree = "<group>"; };
		1FC47BBE2C9C92A100DFABE4 /* StatisticsViewController.swift */ = {isa = PBXFileReference; lastKnownFileType = sourcecode.swift; path = StatisticsViewController.swift; sourceTree = "<group>"; };
		1FC47BC02CA01E0000DFABE4 /* NewIrregularTrackerVC.swift */ = {isa = PBXFileReference; lastKnownFileType = sourcecode.swift; path = NewIrregularTrackerVC.swift; sourceTree = "<group>"; };
		1FC47BC82CA1A1D000DFABE4 /* TrackerHeaderVC.swift */ = {isa = PBXFileReference; lastKnownFileType = sourcecode.swift; path = TrackerHeaderVC.swift; sourceTree = "<group>"; };
		1FC47BCA2CA1A22400DFABE4 /* TrackerCellVC.swift */ = {isa = PBXFileReference; lastKnownFileType = sourcecode.swift; path = TrackerCellVC.swift; sourceTree = "<group>"; };
		1FC63F292C8EFBCB00A15E07 /* TrackerModels.swift */ = {isa = PBXFileReference; lastKnownFileType = sourcecode.swift; path = TrackerModels.swift; sourceTree = "<group>"; };
		1FE4A5132C89B150005B7A7D /* Tracker.app */ = {isa = PBXFileReference; explicitFileType = wrapper.application; includeInIndex = 0; path = Tracker.app; sourceTree = BUILT_PRODUCTS_DIR; };
		1FE4A5162C89B150005B7A7D /* AppDelegate.swift */ = {isa = PBXFileReference; lastKnownFileType = sourcecode.swift; path = AppDelegate.swift; sourceTree = "<group>"; };
		1FE4A5182C89B150005B7A7D /* SceneDelegate.swift */ = {isa = PBXFileReference; lastKnownFileType = sourcecode.swift; path = SceneDelegate.swift; sourceTree = "<group>"; };
		1FE4A51A2C89B150005B7A7D /* TrackersViewController.swift */ = {isa = PBXFileReference; lastKnownFileType = sourcecode.swift; path = TrackersViewController.swift; sourceTree = "<group>"; };
		1FE4A51F2C89B153005B7A7D /* Assets.xcassets */ = {isa = PBXFileReference; lastKnownFileType = folder.assetcatalog; path = Assets.xcassets; sourceTree = "<group>"; };
		1FE4A5242C89B153005B7A7D /* Info.plist */ = {isa = PBXFileReference; lastKnownFileType = text.plist.xml; path = Info.plist; sourceTree = "<group>"; };
		1FE8EB262CB919D7004E281F /* CategoryListViewModel.swift */ = {isa = PBXFileReference; lastKnownFileType = sourcecode.swift; path = CategoryListViewModel.swift; sourceTree = "<group>"; };
		1FE8EB2C2CBD16AF004E281F /* OnboardingPageViewController.swift */ = {isa = PBXFileReference; lastKnownFileType = sourcecode.swift; path = OnboardingPageViewController.swift; sourceTree = "<group>"; };
		1FE8EB3A2CBD360A004E281F /* ru */ = {isa = PBXFileReference; lastKnownFileType = text.plist.stringsdict; name = ru; path = ru.lproj/Localizable.stringsdict; sourceTree = "<group>"; };
		1FE8EB3B2CBD362A004E281F /* ru */ = {isa = PBXFileReference; lastKnownFileType = text.plist.strings; name = ru; path = ru.lproj/Localizable.strings; sourceTree = "<group>"; };
		1FE8EB3C2CBD36AA004E281F /* en */ = {isa = PBXFileReference; lastKnownFileType = text.plist.strings; name = en; path = en.lproj/Localizable.strings; sourceTree = "<group>"; };
		1FE8EB3D2CBD36AA004E281F /* en */ = {isa = PBXFileReference; lastKnownFileType = text.plist.stringsdict; name = en; path = en.lproj/Localizable.stringsdict; sourceTree = "<group>"; };
		1FE8EB3E2CBD36D9004E281F /* th */ = {isa = PBXFileReference; lastKnownFileType = text.plist.strings; name = th; path = th.lproj/Localizable.strings; sourceTree = "<group>"; };
		1FE8EB3F2CBD36D9004E281F /* th */ = {isa = PBXFileReference; lastKnownFileType = text.plist.stringsdict; name = th; path = th.lproj/Localizable.stringsdict; sourceTree = "<group>"; };
		1FE8EB4A2CBE73B5004E281F /* LaunchScreen.storyboard */ = {isa = PBXFileReference; lastKnownFileType = file.storyboard; path = LaunchScreen.storyboard; sourceTree = "<group>"; };
		1FE8EB5B2CBE85B5004E281F /* en */ = {isa = PBXFileReference; lastKnownFileType = text.plist.strings; name = en; path = en.lproj/InfoPlist.strings; sourceTree = "<group>"; };
		1FE8EB5E2CBE85BA004E281F /* ru */ = {isa = PBXFileReference; lastKnownFileType = text.plist.strings; name = ru; path = ru.lproj/InfoPlist.strings; sourceTree = "<group>"; };
		1FE8EB5F2CBE85BC004E281F /* th */ = {isa = PBXFileReference; lastKnownFileType = text.plist.strings; name = th; path = th.lproj/InfoPlist.strings; sourceTree = "<group>"; };
		1FE8EB682CBE9C37004E281F /* swiftgen.yml */ = {isa = PBXFileReference; lastKnownFileType = text.yaml; path = swiftgen.yml; sourceTree = "<group>"; };
/* End PBXFileReference section */

/* Begin PBXFileSystemSynchronizedRootGroup section */
		1FB3F3E12CC1141C001981AF /* TrackerTests */ = {isa = PBXFileSystemSynchronizedRootGroup; explicitFileTypes = {}; explicitFolders = (); path = TrackerTests; sourceTree = "<group>"; };
/* End PBXFileSystemSynchronizedRootGroup section */

/* Begin PBXFrameworksBuildPhase section */
		1FB3F3DD2CC1141C001981AF /* Frameworks */ = {
			isa = PBXFrameworksBuildPhase;
			buildActionMask = 2147483647;
			files = (
				1FB3F3EB2CC11523001981AF /* InlineSnapshotTesting in Frameworks */,
				1FB3F3ED2CC11523001981AF /* SnapshotTesting in Frameworks */,
			);
			runOnlyForDeploymentPostprocessing = 0;
		};
		1FE4A5102C89B150005B7A7D /* Frameworks */ = {
			isa = PBXFrameworksBuildPhase;
			buildActionMask = 2147483647;
			files = (
			);
			runOnlyForDeploymentPostprocessing = 0;
		};
/* End PBXFrameworksBuildPhase section */

/* Begin PBXGroup section */
		1F9FB3692CA6CF4E001ACF03 /* CoreData */ = {
			isa = PBXGroup;
			children = (
				1F9FB36A2CA6CF86001ACF03 /* TrackerStore.swift */,
				1F9FB36C2CA6CF92001ACF03 /* TrackerCategoryStore.swift */,
				1F9FB36E2CA6CFA1001ACF03 /* TrackerRecordStore.swift */,
			);
			path = CoreData;
			sourceTree = "<group>";
		};
		1FC47BC22CA19FA300DFABE4 /* Trackers */ = {
			isa = PBXGroup;
			children = (
				1FB3F4102CC8E816001981AF /* FiltersViewController.swift */,
				1FE4A51A2C89B150005B7A7D /* TrackersViewController.swift */,
				1FC63F292C8EFBCB00A15E07 /* TrackerModels.swift */,
				1FC47BC82CA1A1D000DFABE4 /* TrackerHeaderVC.swift */,
				1FC47BCA2CA1A22400DFABE4 /* TrackerCellVC.swift */,
			);
			path = Trackers;
			sourceTree = "<group>";
		};
		1FC47BC42CA19FD600DFABE4 /* Colors & Emoji */ = {
			isa = PBXGroup;
			children = (
				1FA5E0082C90A45E007A729D /* ColorCollectionViewCell.swift */,
				1FA5E00C2C90D0BF007A729D /* ColorVC.swift */,
				1FA5E00A2C90A485007A729D /* EmojiCollectionViewCell.swift */,
				1FA5E0102C90D414007A729D /* EmojiVC.swift */,
				1FA5E0122C90D631007A729D /* SectionHeaderView.swift */,
			);
			path = "Colors & Emoji";
			sourceTree = "<group>";
		};
		1FC47BC52CA1A00100DFABE4 /* Statistics */ = {
			isa = PBXGroup;
			children = (
				1FC47BBE2C9C92A100DFABE4 /* StatisticsViewController.swift */,
			);
			path = Statistics;
			sourceTree = "<group>";
		};
		1FC47BC62CA1A03A00DFABE4 /* Helpers */ = {
			isa = PBXGroup;
			children = (
				1FC47BB82C943DE200DFABE4 /* Extensions.swift */,
				1F9FB35F2CA49D72001ACF03 /* Colors.swift */,
				1F9FB3612CA558F7001ACF03 /* PaddedTextField.swift */,
				1F9FB3632CA55930001ACF03 /* CustomTableViewCell.swift */,
				1F9FB3652CA5596F001ACF03 /* ScheduleTableViewCell.swift */,
			);
			path = Helpers;
			sourceTree = "<group>";
		};
		1FC47BC72CA1A06A00DFABE4 /* Tracker Creation */ = {
			isa = PBXGroup;
			children = (
				1FB3F40C2CC650C2001981AF /* TrackerCreationVC.swift */,
				1FB3F40E2CC67CAC001981AF /* EditTrackerVC.swift */,
				1FB3F40A2CC423C7001981AF /* EditIrregularTracker.swift */,
				1FA5E0062C9046C4007A729D /* NewTrackerVC.swift */,
				1FA5E00E2C90D165007A729D /* NewUsualTrackerVC.swift */,
				1FC47BC02CA01E0000DFABE4 /* NewIrregularTrackerVC.swift */,
				1FC47BB32C94300200DFABE4 /* CategoryListVC.swift */,
				1FC47BB52C943D0500DFABE4 /* NewCategoryVC.swift */,
				1FC47BBA2C95A1A300DFABE4 /* ScheduleListVC.swift */,
				1F9FB3672CA55A63001ACF03 /* WeekDay.swift */,
			);
			path = "Tracker Creation";
			sourceTree = "<group>";
		};
		1FE4A50A2C89B150005B7A7D = {
			isa = PBXGroup;
			children = (
				1FE4A5152C89B150005B7A7D /* Tracker */,
				1FB3F3E12CC1141C001981AF /* TrackerTests */,
				1FE4A5142C89B150005B7A7D /* Products */,
			);
			sourceTree = "<group>";
		};
		1FE4A5142C89B150005B7A7D /* Products */ = {
			isa = PBXGroup;
			children = (
				1FE4A5132C89B150005B7A7D /* Tracker.app */,
				1FB3F3E02CC1141C001981AF /* TrackerTests.xctest */,
			);
			name = Products;
			sourceTree = "<group>";
		};
		1FE4A5152C89B150005B7A7D /* Tracker */ = {
			isa = PBXGroup;
			children = (
				1FE8EB312CBD1A3C004E281F /* Resources */,
				1FE4A51F2C89B153005B7A7D /* Assets.xcassets */,
				1FE4A5242C89B153005B7A7D /* Info.plist */,
				1FE8EB4A2CBE73B5004E281F /* LaunchScreen.storyboard */,
				1FE4A5162C89B150005B7A7D /* AppDelegate.swift */,
				1FE4A5182C89B150005B7A7D /* SceneDelegate.swift */,
				1F52226D2CB40B2800305569 /* OnboardingVC.swift */,
				1FE8EB2C2CBD16AF004E281F /* OnboardingPageViewController.swift */,
				1FC47BBC2C9C925300DFABE4 /* TabBarController.swift */,
				1FC47BC22CA19FA300DFABE4 /* Trackers */,
				1FC47BC72CA1A06A00DFABE4 /* Tracker Creation */,
				1FE8EB252CB919C0004E281F /* ViewModel */,
				1FC47BC52CA1A00100DFABE4 /* Statistics */,
				1FC47BC42CA19FD600DFABE4 /* Colors & Emoji */,
				1F9FB3692CA6CF4E001ACF03 /* CoreData */,
				1FC47BC62CA1A03A00DFABE4 /* Helpers */,
				1F9FB35C2CA2F1A2001ACF03 /* TrackerModel.xcdatamodeld */,
			);
			path = Tracker;
			sourceTree = "<group>";
		};
		1FE8EB252CB919C0004E281F /* ViewModel */ = {
			isa = PBXGroup;
			children = (
				1FE8EB262CB919D7004E281F /* CategoryListViewModel.swift */,
			);
			path = ViewModel;
			sourceTree = "<group>";
		};
		1FE8EB312CBD1A3C004E281F /* Resources */ = {
			isa = PBXGroup;
			children = (
				1FE8EB6A2CBE9C63004E281F /* Generated */,
				1FE8EB682CBE9C37004E281F /* swiftgen.yml */,
				1FE8EB5C2CBE85B5004E281F /* InfoPlist.strings */,
				1FE8EB322CBD1A54004E281F /* Localizable.strings */,
				1FE8EB372CBD2858004E281F /* Localizable.stringsdict */,
			);
			path = Resources;
			sourceTree = "<group>";
		};
		1FE8EB6A2CBE9C63004E281F /* Generated */ = {
			isa = PBXGroup;
			children = (
				1FB3F3D72CBFC1C0001981AF /* Strings.swift */,
			);
			path = Generated;
			sourceTree = "<group>";
		};
/* End PBXGroup section */

/* Begin PBXNativeTarget section */
		1FB3F3DF2CC1141C001981AF /* TrackerTests */ = {
			isa = PBXNativeTarget;
			buildConfigurationList = 1FB3F3E62CC1141D001981AF /* Build configuration list for PBXNativeTarget "TrackerTests" */;
			buildPhases = (
				1FB3F3DC2CC1141C001981AF /* Sources */,
				1FB3F3DD2CC1141C001981AF /* Frameworks */,
				1FB3F3DE2CC1141C001981AF /* Resources */,
			);
			buildRules = (
			);
			dependencies = (
				1FB3F3E52CC1141C001981AF /* PBXTargetDependency */,
			);
			fileSystemSynchronizedGroups = (
				1FB3F3E12CC1141C001981AF /* TrackerTests */,
			);
			name = TrackerTests;
			packageProductDependencies = (
				1FB3F3EA2CC11523001981AF /* InlineSnapshotTesting */,
				1FB3F3EC2CC11523001981AF /* SnapshotTesting */,
			);
			productName = TrackerTests;
			productReference = 1FB3F3E02CC1141C001981AF /* TrackerTests.xctest */;
			productType = "com.apple.product-type.bundle.unit-test";
		};
		1FE4A5122C89B150005B7A7D /* Tracker */ = {
			isa = PBXNativeTarget;
			buildConfigurationList = 1FE4A5272C89B153005B7A7D /* Build configuration list for PBXNativeTarget "Tracker" */;
			buildPhases = (
				1FE4A50F2C89B150005B7A7D /* Sources */,
				1FE4A5102C89B150005B7A7D /* Frameworks */,
				1FE4A5112C89B150005B7A7D /* Resources */,
			);
			buildRules = (
			);
			dependencies = (
			);
			name = Tracker;
			productName = Tracker;
			productReference = 1FE4A5132C89B150005B7A7D /* Tracker.app */;
			productType = "com.apple.product-type.application";
		};
/* End PBXNativeTarget section */

/* Begin PBXProject section */
		1FE4A50B2C89B150005B7A7D /* Project object */ = {
			isa = PBXProject;
			attributes = {
				BuildIndependentTargetsInParallel = 1;
				LastSwiftUpdateCheck = 1600;
				LastUpgradeCheck = 1540;
				TargetAttributes = {
					1FB3F3DF2CC1141C001981AF = {
						CreatedOnToolsVersion = 16.0;
						TestTargetID = 1FE4A5122C89B150005B7A7D;
					};
					1FE4A5122C89B150005B7A7D = {
						CreatedOnToolsVersion = 15.4;
					};
				};
			};
			buildConfigurationList = 1FE4A50E2C89B150005B7A7D /* Build configuration list for PBXProject "Tracker" */;
			compatibilityVersion = "Xcode 14.0";
			developmentRegion = ru;
			hasScannedForEncodings = 0;
			knownRegions = (
				ru,
				en,
				th,
			);
			mainGroup = 1FE4A50A2C89B150005B7A7D;
			packageReferences = (
				1FB3F3E92CC11523001981AF /* XCRemoteSwiftPackageReference "swift-snapshot-testing" */,
			);
			productRefGroup = 1FE4A5142C89B150005B7A7D /* Products */;
			projectDirPath = "";
			projectRoot = "";
			targets = (
				1FE4A5122C89B150005B7A7D /* Tracker */,
				1FB3F3DF2CC1141C001981AF /* TrackerTests */,
			);
		};
/* End PBXProject section */

/* Begin PBXResourcesBuildPhase section */
		1FB3F3DE2CC1141C001981AF /* Resources */ = {
			isa = PBXResourcesBuildPhase;
			buildActionMask = 2147483647;
			files = (
			);
			runOnlyForDeploymentPostprocessing = 0;
		};
		1FE4A5112C89B150005B7A7D /* Resources */ = {
			isa = PBXResourcesBuildPhase;
			buildActionMask = 2147483647;
			files = (
				1FE4A5202C89B153005B7A7D /* Assets.xcassets in Resources */,
				1FE8EB392CBD2858004E281F /* Localizable.stringsdict in Resources */,
				1FE8EB342CBD1A54004E281F /* Localizable.strings in Resources */,
				1FE8EB4B2CBE757B004E281F /* LaunchScreen.storyboard in Resources */,
				1FE8EB5D2CBE85B5004E281F /* InfoPlist.strings in Resources */,
			);
			runOnlyForDeploymentPostprocessing = 0;
		};
/* End PBXResourcesBuildPhase section */

/* Begin PBXSourcesBuildPhase section */
		1FB3F3DC2CC1141C001981AF /* Sources */ = {
			isa = PBXSourcesBuildPhase;
			buildActionMask = 2147483647;
			files = (
			);
			runOnlyForDeploymentPostprocessing = 0;
		};
		1FE4A50F2C89B150005B7A7D /* Sources */ = {
			isa = PBXSourcesBuildPhase;
			buildActionMask = 2147483647;
			files = (
				1FA5E0132C90D631007A729D /* SectionHeaderView.swift in Sources */,
				1FB3F40D2CC650CC001981AF /* TrackerCreationVC.swift in Sources */,
				1FB3F3D82CBFC1C0001981AF /* Strings.swift in Sources */,
				1F9FB3602CA49D72001ACF03 /* Colors.swift in Sources */,
				1FC47BBD2C9C925400DFABE4 /* TabBarController.swift in Sources */,
				1FA5E00B2C90A485007A729D /* EmojiCollectionViewCell.swift in Sources */,
				1FC47BB42C94300200DFABE4 /* CategoryListVC.swift in Sources */,
				1FC47BB62C943D0500DFABE4 /* NewCategoryVC.swift in Sources */,
				1F9FB35E2CA2F1A2001ACF03 /* TrackerModel.xcdatamodeld in Sources */,
				1F52226E2CB40B3500305569 /* OnboardingVC.swift in Sources */,
				1FC47BC92CA1A1D000DFABE4 /* TrackerHeaderVC.swift in Sources */,
				1F9FB36F2CA6CFA1001ACF03 /* TrackerRecordStore.swift in Sources */,
				1FA5E0092C90A45E007A729D /* ColorCollectionViewCell.swift in Sources */,
				1FA5E00D2C90D0BF007A729D /* ColorVC.swift in Sources */,
				1FE8EB2D2CBD16BA004E281F /* OnboardingPageViewController.swift in Sources */,
				1FE8EB272CB919DF004E281F /* CategoryListViewModel.swift in Sources */,
				1FC47BBF2C9C92A100DFABE4 /* StatisticsViewController.swift in Sources */,
				1F9FB36B2CA6CF86001ACF03 /* TrackerStore.swift in Sources */,
				1FE4A51B2C89B150005B7A7D /* TrackersViewController.swift in Sources */,
				1FA5E0072C9046C4007A729D /* NewTrackerVC.swift in Sources */,
				1FA5E0112C90D414007A729D /* EmojiVC.swift in Sources */,
				1FB3F40B2CC423E5001981AF /* EditIrregularTracker.swift in Sources */,
				1FC47BBB2C95A1A300DFABE4 /* ScheduleListVC.swift in Sources */,
				1FC47BC12CA01E0000DFABE4 /* NewIrregularTrackerVC.swift in Sources */,
				1F9FB3662CA5596F001ACF03 /* ScheduleTableViewCell.swift in Sources */,
				1FB3F4112CC8E81E001981AF /* FiltersViewController.swift in Sources */,
				1FE4A5172C89B150005B7A7D /* AppDelegate.swift in Sources */,
				1FB3F40F2CC67CBF001981AF /* EditTrackerVC.swift in Sources */,
				1FC47BCB2CA1A22400DFABE4 /* TrackerCellVC.swift in Sources */,
				1F9FB36D2CA6CF92001ACF03 /* TrackerCategoryStore.swift in Sources */,
				1F9FB3642CA55930001ACF03 /* CustomTableViewCell.swift in Sources */,
				1F9FB3682CA55A63001ACF03 /* WeekDay.swift in Sources */,
				1FC63F2A2C8EFBCB00A15E07 /* TrackerModels.swift in Sources */,
				1FA5E00F2C90D165007A729D /* NewUsualTrackerVC.swift in Sources */,
				1FE4A5192C89B150005B7A7D /* SceneDelegate.swift in Sources */,
				1FC47BB92C943DE200DFABE4 /* Extensions.swift in Sources */,
				1F9FB3622CA558F7001ACF03 /* PaddedTextField.swift in Sources */,
			);
			runOnlyForDeploymentPostprocessing = 0;
		};
/* End PBXSourcesBuildPhase section */

/* Begin PBXTargetDependency section */
		1FB3F3E52CC1141C001981AF /* PBXTargetDependency */ = {
			isa = PBXTargetDependency;
			target = 1FE4A5122C89B150005B7A7D /* Tracker */;
			targetProxy = 1FB3F3E42CC1141C001981AF /* PBXContainerItemProxy */;
		};
/* End PBXTargetDependency section */

/* Begin PBXVariantGroup section */
		1FE8EB322CBD1A54004E281F /* Localizable.strings */ = {
			isa = PBXVariantGroup;
			children = (
				1FE8EB3B2CBD362A004E281F /* ru */,
				1FE8EB3C2CBD36AA004E281F /* en */,
				1FE8EB3E2CBD36D9004E281F /* th */,
			);
			name = Localizable.strings;
			sourceTree = "<group>";
		};
		1FE8EB372CBD2858004E281F /* Localizable.stringsdict */ = {
			isa = PBXVariantGroup;
			children = (
				1FE8EB3A2CBD360A004E281F /* ru */,
				1FE8EB3D2CBD36AA004E281F /* en */,
				1FE8EB3F2CBD36D9004E281F /* th */,
			);
			name = Localizable.stringsdict;
			sourceTree = "<group>";
		};
		1FE8EB5C2CBE85B5004E281F /* InfoPlist.strings */ = {
			isa = PBXVariantGroup;
			children = (
				1FE8EB5B2CBE85B5004E281F /* en */,
				1FE8EB5E2CBE85BA004E281F /* ru */,
				1FE8EB5F2CBE85BC004E281F /* th */,
			);
			name = InfoPlist.strings;
			sourceTree = "<group>";
		};
/* End PBXVariantGroup section */

/* Begin XCBuildConfiguration section */
		1FB3F3E72CC1141D001981AF /* Debug */ = {
			isa = XCBuildConfiguration;
			buildSettings = {
				BUNDLE_LOADER = "$(TEST_HOST)";
				CODE_SIGN_STYLE = Automatic;
				CURRENT_PROJECT_VERSION = 1;
				GENERATE_INFOPLIST_FILE = YES;
				IPHONEOS_DEPLOYMENT_TARGET = 15.6;
				LOCALIZATION_PREFERS_STRING_CATALOGS = YES;
				MARKETING_VERSION = 1.0;
				PRODUCT_BUNDLE_IDENTIFIER = ru.praktikum.ImageFeed.TrackerTests;
				PRODUCT_NAME = "$(TARGET_NAME)";
				SWIFT_EMIT_LOC_STRINGS = NO;
				SWIFT_VERSION = 5.0;
				TARGETED_DEVICE_FAMILY = "1,2";
				TEST_HOST = "$(BUILT_PRODUCTS_DIR)/Tracker.app/$(BUNDLE_EXECUTABLE_FOLDER_PATH)/Tracker";
			};
			name = Debug;
		};
		1FB3F3E82CC1141D001981AF /* Release */ = {
			isa = XCBuildConfiguration;
			buildSettings = {
				BUNDLE_LOADER = "$(TEST_HOST)";
				CODE_SIGN_STYLE = Automatic;
				CURRENT_PROJECT_VERSION = 1;
				GENERATE_INFOPLIST_FILE = YES;
				IPHONEOS_DEPLOYMENT_TARGET = 15.6;
				LOCALIZATION_PREFERS_STRING_CATALOGS = YES;
				MARKETING_VERSION = 1.0;
				PRODUCT_BUNDLE_IDENTIFIER = ru.praktikum.ImageFeed.TrackerTests;
				PRODUCT_NAME = "$(TARGET_NAME)";
				SWIFT_EMIT_LOC_STRINGS = NO;
				SWIFT_VERSION = 5.0;
				TARGETED_DEVICE_FAMILY = "1,2";
				TEST_HOST = "$(BUILT_PRODUCTS_DIR)/Tracker.app/$(BUNDLE_EXECUTABLE_FOLDER_PATH)/Tracker";
			};
			name = Release;
		};
		1FE4A5252C89B153005B7A7D /* Debug */ = {
			isa = XCBuildConfiguration;
			buildSettings = {
				ALWAYS_SEARCH_USER_PATHS = NO;
				ASSETCATALOG_COMPILER_GENERATE_SWIFT_ASSET_SYMBOL_EXTENSIONS = YES;
				CLANG_ANALYZER_LOCALIZABILITY_NONLOCALIZED = YES;
				CLANG_ANALYZER_NONNULL = YES;
				CLANG_ANALYZER_NUMBER_OBJECT_CONVERSION = YES_AGGRESSIVE;
				CLANG_CXX_LANGUAGE_STANDARD = "gnu++20";
				CLANG_ENABLE_MODULES = YES;
				CLANG_ENABLE_OBJC_ARC = YES;
				CLANG_ENABLE_OBJC_WEAK = YES;
				CLANG_WARN_BLOCK_CAPTURE_AUTORELEASING = YES;
				CLANG_WARN_BOOL_CONVERSION = YES;
				CLANG_WARN_COMMA = YES;
				CLANG_WARN_CONSTANT_CONVERSION = YES;
				CLANG_WARN_DEPRECATED_OBJC_IMPLEMENTATIONS = YES;
				CLANG_WARN_DIRECT_OBJC_ISA_USAGE = YES_ERROR;
				CLANG_WARN_DOCUMENTATION_COMMENTS = YES;
				CLANG_WARN_EMPTY_BODY = YES;
				CLANG_WARN_ENUM_CONVERSION = YES;
				CLANG_WARN_INFINITE_RECURSION = YES;
				CLANG_WARN_INT_CONVERSION = YES;
				CLANG_WARN_NON_LITERAL_NULL_CONVERSION = YES;
				CLANG_WARN_OBJC_IMPLICIT_RETAIN_SELF = YES;
				CLANG_WARN_OBJC_LITERAL_CONVERSION = YES;
				CLANG_WARN_OBJC_ROOT_CLASS = YES_ERROR;
				CLANG_WARN_QUOTED_INCLUDE_IN_FRAMEWORK_HEADER = YES;
				CLANG_WARN_RANGE_LOOP_ANALYSIS = YES;
				CLANG_WARN_STRICT_PROTOTYPES = YES;
				CLANG_WARN_SUSPICIOUS_MOVE = YES;
				CLANG_WARN_UNGUARDED_AVAILABILITY = YES_AGGRESSIVE;
				CLANG_WARN_UNREACHABLE_CODE = YES;
				CLANG_WARN__DUPLICATE_METHOD_MATCH = YES;
				COPY_PHASE_STRIP = NO;
				DEBUG_INFORMATION_FORMAT = dwarf;
				ENABLE_STRICT_OBJC_MSGSEND = YES;
				ENABLE_TESTABILITY = YES;
				ENABLE_USER_SCRIPT_SANDBOXING = YES;
				GCC_C_LANGUAGE_STANDARD = gnu17;
				GCC_DYNAMIC_NO_PIC = NO;
				GCC_NO_COMMON_BLOCKS = YES;
				GCC_OPTIMIZATION_LEVEL = 0;
				GCC_PREPROCESSOR_DEFINITIONS = (
					"DEBUG=1",
					"$(inherited)",
				);
				GCC_WARN_64_TO_32_BIT_CONVERSION = YES;
				GCC_WARN_ABOUT_RETURN_TYPE = YES_ERROR;
				GCC_WARN_UNDECLARED_SELECTOR = YES;
				GCC_WARN_UNINITIALIZED_AUTOS = YES_AGGRESSIVE;
				GCC_WARN_UNUSED_FUNCTION = YES;
				GCC_WARN_UNUSED_VARIABLE = YES;
				IPHONEOS_DEPLOYMENT_TARGET = 17.5;
				LOCALIZATION_PREFERS_STRING_CATALOGS = NO;
				MTL_ENABLE_DEBUG_INFO = INCLUDE_SOURCE;
				MTL_FAST_MATH = YES;
				ONLY_ACTIVE_ARCH = YES;
				SDKROOT = iphoneos;
				SWIFT_ACTIVE_COMPILATION_CONDITIONS = "DEBUG $(inherited)";
				SWIFT_OPTIMIZATION_LEVEL = "-Onone";
			};
			name = Debug;
		};
		1FE4A5262C89B153005B7A7D /* Release */ = {
			isa = XCBuildConfiguration;
			buildSettings = {
				ALWAYS_SEARCH_USER_PATHS = NO;
				ASSETCATALOG_COMPILER_GENERATE_SWIFT_ASSET_SYMBOL_EXTENSIONS = YES;
				CLANG_ANALYZER_LOCALIZABILITY_NONLOCALIZED = YES;
				CLANG_ANALYZER_NONNULL = YES;
				CLANG_ANALYZER_NUMBER_OBJECT_CONVERSION = YES_AGGRESSIVE;
				CLANG_CXX_LANGUAGE_STANDARD = "gnu++20";
				CLANG_ENABLE_MODULES = YES;
				CLANG_ENABLE_OBJC_ARC = YES;
				CLANG_ENABLE_OBJC_WEAK = YES;
				CLANG_WARN_BLOCK_CAPTURE_AUTORELEASING = YES;
				CLANG_WARN_BOOL_CONVERSION = YES;
				CLANG_WARN_COMMA = YES;
				CLANG_WARN_CONSTANT_CONVERSION = YES;
				CLANG_WARN_DEPRECATED_OBJC_IMPLEMENTATIONS = YES;
				CLANG_WARN_DIRECT_OBJC_ISA_USAGE = YES_ERROR;
				CLANG_WARN_DOCUMENTATION_COMMENTS = YES;
				CLANG_WARN_EMPTY_BODY = YES;
				CLANG_WARN_ENUM_CONVERSION = YES;
				CLANG_WARN_INFINITE_RECURSION = YES;
				CLANG_WARN_INT_CONVERSION = YES;
				CLANG_WARN_NON_LITERAL_NULL_CONVERSION = YES;
				CLANG_WARN_OBJC_IMPLICIT_RETAIN_SELF = YES;
				CLANG_WARN_OBJC_LITERAL_CONVERSION = YES;
				CLANG_WARN_OBJC_ROOT_CLASS = YES_ERROR;
				CLANG_WARN_QUOTED_INCLUDE_IN_FRAMEWORK_HEADER = YES;
				CLANG_WARN_RANGE_LOOP_ANALYSIS = YES;
				CLANG_WARN_STRICT_PROTOTYPES = YES;
				CLANG_WARN_SUSPICIOUS_MOVE = YES;
				CLANG_WARN_UNGUARDED_AVAILABILITY = YES_AGGRESSIVE;
				CLANG_WARN_UNREACHABLE_CODE = YES;
				CLANG_WARN__DUPLICATE_METHOD_MATCH = YES;
				COPY_PHASE_STRIP = NO;
				DEBUG_INFORMATION_FORMAT = "dwarf-with-dsym";
				ENABLE_NS_ASSERTIONS = NO;
				ENABLE_STRICT_OBJC_MSGSEND = YES;
				ENABLE_USER_SCRIPT_SANDBOXING = YES;
				GCC_C_LANGUAGE_STANDARD = gnu17;
				GCC_NO_COMMON_BLOCKS = YES;
				GCC_WARN_64_TO_32_BIT_CONVERSION = YES;
				GCC_WARN_ABOUT_RETURN_TYPE = YES_ERROR;
				GCC_WARN_UNDECLARED_SELECTOR = YES;
				GCC_WARN_UNINITIALIZED_AUTOS = YES_AGGRESSIVE;
				GCC_WARN_UNUSED_FUNCTION = YES;
				GCC_WARN_UNUSED_VARIABLE = YES;
				IPHONEOS_DEPLOYMENT_TARGET = 17.5;
				LOCALIZATION_PREFERS_STRING_CATALOGS = NO;
				MTL_ENABLE_DEBUG_INFO = NO;
				MTL_FAST_MATH = YES;
				SDKROOT = iphoneos;
				SWIFT_COMPILATION_MODE = wholemodule;
				VALIDATE_PRODUCT = YES;
			};
			name = Release;
		};
		1FE4A5282C89B153005B7A7D /* Debug */ = {
			isa = XCBuildConfiguration;
			buildSettings = {
				ASSETCATALOG_COMPILER_APPICON_NAME = AppIcon;
				ASSETCATALOG_COMPILER_GLOBAL_ACCENT_COLOR_NAME = AccentColor;
				CODE_SIGN_STYLE = Automatic;
				CURRENT_PROJECT_VERSION = 1;
				DEVELOPMENT_TEAM = WZ33GNWJ38;
				GENERATE_INFOPLIST_FILE = YES;
				INFOPLIST_FILE = Tracker/Info.plist;
				INFOPLIST_KEY_CFBundleDisplayName = "$(PRODUCT_NAME)";
				INFOPLIST_KEY_UIApplicationSupportsIndirectInputEvents = YES;
				INFOPLIST_KEY_UILaunchStoryboardName = LaunchScreen.storyboard;
				INFOPLIST_KEY_UISupportedInterfaceOrientations = UIInterfaceOrientationPortrait;
				IPHONEOS_DEPLOYMENT_TARGET = 13.4;
				LD_RUNPATH_SEARCH_PATHS = (
					"$(inherited)",
					"@executable_path/Frameworks",
				);
				MARKETING_VERSION = 1.0;
				PRODUCT_BUNDLE_IDENTIFIER = ru.praktikum.ImageFeed.Tracker;
				PRODUCT_NAME = "$(TARGET_NAME)";
				SWIFT_EMIT_LOC_STRINGS = YES;
				SWIFT_VERSION = 5.0;
				TARGETED_DEVICE_FAMILY = "1,2";
			};
			name = Debug;
		};
		1FE4A5292C89B153005B7A7D /* Release */ = {
			isa = XCBuildConfiguration;
			buildSettings = {
				ASSETCATALOG_COMPILER_APPICON_NAME = AppIcon;
				ASSETCATALOG_COMPILER_GLOBAL_ACCENT_COLOR_NAME = AccentColor;
				CODE_SIGN_STYLE = Automatic;
				CURRENT_PROJECT_VERSION = 1;
				DEVELOPMENT_TEAM = WZ33GNWJ38;
				GENERATE_INFOPLIST_FILE = YES;
				INFOPLIST_FILE = Tracker/Info.plist;
				INFOPLIST_KEY_CFBundleDisplayName = "$(PRODUCT_NAME)";
				INFOPLIST_KEY_UIApplicationSupportsIndirectInputEvents = YES;
				INFOPLIST_KEY_UILaunchStoryboardName = LaunchScreen.storyboard;
				INFOPLIST_KEY_UISupportedInterfaceOrientations = UIInterfaceOrientationPortrait;
				IPHONEOS_DEPLOYMENT_TARGET = 13.4;
				LD_RUNPATH_SEARCH_PATHS = (
					"$(inherited)",
					"@executable_path/Frameworks",
				);
				MARKETING_VERSION = 1.0;
				PRODUCT_BUNDLE_IDENTIFIER = ru.praktikum.ImageFeed.Tracker;
				PRODUCT_NAME = "$(TARGET_NAME)";
				SWIFT_EMIT_LOC_STRINGS = YES;
				SWIFT_VERSION = 5.0;
				TARGETED_DEVICE_FAMILY = "1,2";
			};
			name = Release;
		};
/* End XCBuildConfiguration section */

/* Begin XCConfigurationList section */
		1FB3F3E62CC1141D001981AF /* Build configuration list for PBXNativeTarget "TrackerTests" */ = {
			isa = XCConfigurationList;
			buildConfigurations = (
				1FB3F3E72CC1141D001981AF /* Debug */,
				1FB3F3E82CC1141D001981AF /* Release */,
			);
			defaultConfigurationIsVisible = 0;
			defaultConfigurationName = Release;
		};
		1FE4A50E2C89B150005B7A7D /* Build configuration list for PBXProject "Tracker" */ = {
			isa = XCConfigurationList;
			buildConfigurations = (
				1FE4A5252C89B153005B7A7D /* Debug */,
				1FE4A5262C89B153005B7A7D /* Release */,
			);
			defaultConfigurationIsVisible = 0;
			defaultConfigurationName = Release;
		};
		1FE4A5272C89B153005B7A7D /* Build configuration list for PBXNativeTarget "Tracker" */ = {
			isa = XCConfigurationList;
			buildConfigurations = (
				1FE4A5282C89B153005B7A7D /* Debug */,
				1FE4A5292C89B153005B7A7D /* Release */,
			);
			defaultConfigurationIsVisible = 0;
			defaultConfigurationName = Release;
		};
/* End XCConfigurationList section */

/* Begin XCRemoteSwiftPackageReference section */
		1FB3F3E92CC11523001981AF /* XCRemoteSwiftPackageReference "swift-snapshot-testing" */ = {
			isa = XCRemoteSwiftPackageReference;
			repositoryURL = "https://github.com/pointfreeco/swift-snapshot-testing";
			requirement = {
				kind = upToNextMajorVersion;
				minimumVersion = 1.17.5;
			};
		};
/* End XCRemoteSwiftPackageReference section */

/* Begin XCSwiftPackageProductDependency section */
		1FB3F3EA2CC11523001981AF /* InlineSnapshotTesting */ = {
			isa = XCSwiftPackageProductDependency;
			package = 1FB3F3E92CC11523001981AF /* XCRemoteSwiftPackageReference "swift-snapshot-testing" */;
			productName = InlineSnapshotTesting;
		};
		1FB3F3EC2CC11523001981AF /* SnapshotTesting */ = {
			isa = XCSwiftPackageProductDependency;
			package = 1FB3F3E92CC11523001981AF /* XCRemoteSwiftPackageReference "swift-snapshot-testing" */;
			productName = SnapshotTesting;
		};
/* End XCSwiftPackageProductDependency section */

/* Begin XCVersionGroup section */
		1F9FB35C2CA2F1A2001ACF03 /* TrackerModel.xcdatamodeld */ = {
			isa = XCVersionGroup;
			children = (
				1F9FB35D2CA2F1A2001ACF03 /* TrackerModel.xcdatamodel */,
			);
			currentVersion = 1F9FB35D2CA2F1A2001ACF03 /* TrackerModel.xcdatamodel */;
			name = TrackerModel.xcdatamodeld;
			path = Tracker/TrackerModel.xcdatamodeld;
			sourceTree = SOURCE_ROOT;
			versionGroupType = wrapper.xcdatamodel;
		};
/* End XCVersionGroup section */
	};
	rootObject = 1FE4A50B2C89B150005B7A7D /* Project object */;
}
